
Microsoft Visual Studio Solution File, Format Version 12.00
# Visual Studio Version 17
VisualStudioVersion = 17.14.36127.28 d17.14
MinimumVisualStudioVersion = 10.0.40219.1
Project("{FAE04EC0-301F-11D3-BF4B-00C04F79EFBC}") = "GameSystem", "GameSystem\GameSystem.csproj", "{CEBCEAEB-2508-4E69-9940-D54046941AC7}"
EndProject
Global
	GlobalSection(SolutionConfigurationPlatforms) = preSolution
		Debug|Any CPU = Debug|Any CPU
		Release|Any CPU = Release|Any CPU
	EndGlobalSection
	GlobalSection(ProjectConfigurationPlatforms) = postSolution
		{CEBCEAEB-2508-4E69-9940-D54046941AC7}.Debug|Any CPU.ActiveCfg = Debug|Any CPU
		{CEBCEAEB-2508-4E69-9940-D54046941AC7}.Debug|Any CPU.Build.0 = Debug|Any CPU
		{CEBCEAEB-2508-4E69-9940-D54046941AC7}.Release|Any CPU.ActiveCfg = Release|Any CPU
		{CEBCEAEB-2508-4E69-9940-D54046941AC7}.Release|Any CPU.Build.0 = Release|Any CPU
	EndGlobalSection
	GlobalSection(SolutionProperties) = preSolution
		HideSolutionNode = FALSE
	EndGlobalSection
	GlobalSection(ExtensibilityGlobals) = postSolution
		SolutionGuid = {57EA6E34-8F9F-4815-BBD3-F35E444087AD}
	EndGlobalSection
EndGlobal
